
Microsoft Visual Studio Solution File, Format Version 12.00
# Visual Studio 14
VisualStudioVersion = 14.0.25420.1
MinimumVisualStudioVersion = 10.0.40219.1
Project("{FAE04EC0-301F-11D3-BF4B-00C04F79EFBC}") = "WebApplicationTestGitHub2015", "WebApplicationTestGitHub2015\WebApplicationTestGitHub2015.csproj", "{E5E95DBB-6819-4A3F-99C0-F217151947EA}"
EndProject
Project("{FAE04EC0-301F-11D3-BF4B-00C04F79EFBC}") = "WebApplicationTestGitHub2015.Tests", "WebApplicationTestGitHub2015.Tests\WebApplicationTestGitHub2015.Tests.csproj", "{30027D93-FC82-4454-8A40-286334587382}"
EndProject
Global
	GlobalSection(SolutionConfigurationPlatforms) = preSolution
		Debug|Any CPU = Debug|Any CPU
		Release|Any CPU = Release|Any CPU
	EndGlobalSection
	GlobalSection(ProjectConfigurationPlatforms) = postSolution
		{E5E95DBB-6819-4A3F-99C0-F217151947EA}.Debug|Any CPU.ActiveCfg = Debug|Any CPU
		{E5E95DBB-6819-4A3F-99C0-F217151947EA}.Debug|Any CPU.Build.0 = Debug|Any CPU
		{E5E95DBB-6819-4A3F-99C0-F217151947EA}.Release|Any CPU.ActiveCfg = Release|Any CPU
		{E5E95DBB-6819-4A3F-99C0-F217151947EA}.Release|Any CPU.Build.0 = Release|Any CPU
		{30027D93-FC82-4454-8A40-286334587382}.Debug|Any CPU.ActiveCfg = Debug|Any CPU
		{30027D93-FC82-4454-8A40-286334587382}.Debug|Any CPU.Build.0 = Debug|Any CPU
		{30027D93-FC82-4454-8A40-286334587382}.Release|Any CPU.ActiveCfg = Release|Any CPU
		{30027D93-FC82-4454-8A40-286334587382}.Release|Any CPU.Build.0 = Release|Any CPU
	EndGlobalSection
	GlobalSection(SolutionProperties) = preSolution
		HideSolutionNode = FALSE
	EndGlobalSection
EndGlobal
